
Microsoft Visual Studio Solution File, Format Version 12.00
# Visual Studio Version 17
VisualStudioVersion = 17.10.35122.118
MinimumVisualStudioVersion = 10.0.40219.1
Project("{FAE04EC0-301F-11D3-BF4B-00C04F79EFBC}") = "Trade bot", "Trade bot\Trade bot.csproj", "{63E049A7-AC7C-4D7B-AB0D-032FDED98A4D}"
EndProject
Global
	GlobalSection(SolutionConfigurationPlatforms) = preSolution
		Debug|Any CPU = Debug|Any CPU
		Release|Any CPU = Release|Any CPU
	EndGlobalSection
	GlobalSection(ProjectConfigurationPlatforms) = postSolution
		{63E049A7-AC7C-4D7B-AB0D-032FDED98A4D}.Debug|Any CPU.ActiveCfg = Debug|Any CPU
		{63E049A7-AC7C-4D7B-AB0D-032FDED98A4D}.Debug|Any CPU.Build.0 = Debug|Any CPU
		{63E049A7-AC7C-4D7B-AB0D-032FDED98A4D}.Release|Any CPU.ActiveCfg = Release|Any CPU
		{63E049A7-AC7C-4D7B-AB0D-032FDED98A4D}.Release|Any CPU.Build.0 = Release|Any CPU
	EndGlobalSection
	GlobalSection(SolutionProperties) = preSolution
		HideSolutionNode = FALSE
	EndGlobalSection
	GlobalSection(ExtensibilityGlobals) = postSolution
		SolutionGuid = {B3F78605-D625-4EFD-A7F0-0F3F6024D4FA}
	EndGlobalSection
EndGlobal
